
Microsoft Visual Studio Solution File, Format Version 12.00
# Visual Studio Version 17
VisualStudioVersion = 17.2.32616.157
MinimumVisualStudioVersion = 10.0.40219.1
Project("{FAE04EC0-301F-11D3-BF4B-00C04F79EFBC}") = "Numbers", "Numbers\Numbers.csproj", "{52682E72-D2F6-4B6C-8EDD-263ECD0A7690}"
EndProject
Global
	GlobalSection(SolutionConfigurationPlatforms) = preSolution
		Debug|Any CPU = Debug|Any CPU
		Release|Any CPU = Release|Any CPU
	EndGlobalSection
	GlobalSection(ProjectConfigurationPlatforms) = postSolution
		{52682E72-D2F6-4B6C-8EDD-263ECD0A7690}.Debug|Any CPU.ActiveCfg = Debug|Any CPU
		{52682E72-D2F6-4B6C-8EDD-263ECD0A7690}.Debug|Any CPU.Build.0 = Debug|Any CPU
		{52682E72-D2F6-4B6C-8EDD-263ECD0A7690}.Release|Any CPU.ActiveCfg = Release|Any CPU
		{52682E72-D2F6-4B6C-8EDD-263ECD0A7690}.Release|Any CPU.Build.0 = Release|Any CPU
	EndGlobalSection
	GlobalSection(SolutionProperties) = preSolution
		HideSolutionNode = FALSE
	EndGlobalSection
	GlobalSection(ExtensibilityGlobals) = postSolution
		SolutionGuid = {A45A361E-7233-4B6B-B160-943BEFB4E8DD}
	EndGlobalSection
EndGlobal
